
Microsoft Visual Studio Solution File, Format Version 12.00
# Visual Studio 14
VisualStudioVersion = 14.0.25420.1
MinimumVisualStudioVersion = 10.0.40219.1
Project("{FAE04EC0-301F-11D3-BF4B-00C04F79EFBC}") = "01_Setup", "01_Setup\01_Setup.csproj", "{7C4EB643-EB31-42CD-BBA0-FC2BF5FA5F89}"
EndProject
Project("{FAE04EC0-301F-11D3-BF4B-00C04F79EFBC}") = "00_SharedLib", "00_SharedLib\00_SharedLib.csproj", "{A5693272-2BEE-439A-9120-648FF797ABF9}"
EndProject
Project("{FAE04EC0-301F-11D3-BF4B-00C04F79EFBC}") = "02_JoystickInput", "02_JoystickInput\02_JoystickInput.csproj", "{9ECCC433-3134-4272-B277-62794CAAA6D6}"
EndProject
Project("{FAE04EC0-301F-11D3-BF4B-00C04F79EFBC}") = "03_Collisions", "03_Collisions\03_Collisions.csproj", "{66441ABA-22EC-4C35-986E-A714DA482403}"
EndProject
Project("{FAE04EC0-301F-11D3-BF4B-00C04F79EFBC}") = "04_Fonts", "04_Fonts\04_Fonts.csproj", "{77E9BFD9-EDE3-4328-92C9-3F274D566524}"
EndProject
Project("{FAE04EC0-301F-11D3-BF4B-00C04F79EFBC}") = "05_Sprites", "05_Sprites\05_Sprites.csproj", "{C7CF1474-54CE-4F20-BB5D-F55768BB6693}"
EndProject
Project("{FAE04EC0-301F-11D3-BF4B-00C04F79EFBC}") = "06_CleanUp", "06_CleanUp\06_CleanUp.csproj", "{240D865F-55DD-4AB4-A81E-47507F9C2516}"
EndProject
Project("{FAE04EC0-301F-11D3-BF4B-00C04F79EFBC}") = "07_SoundFX", "07_SoundFX\07_SoundFX.csproj", "{ACE2204C-7137-41DD-B320-5DDA6EE32A97}"
EndProject
Project("{FAE04EC0-301F-11D3-BF4B-00C04F79EFBC}") = "08_GameState", "08_GameState\08_GameState.csproj", "{E68EE400-FCED-4475-B0EA-93D81F2342C5}"
EndProject
Global
	GlobalSection(SolutionConfigurationPlatforms) = preSolution
		Debug|Any CPU = Debug|Any CPU
		Debug|x86 = Debug|x86
		Release|Any CPU = Release|Any CPU
		Release|x86 = Release|x86
		x86|Any CPU = x86|Any CPU
		x86|x86 = x86|x86
	EndGlobalSection
	GlobalSection(ProjectConfigurationPlatforms) = postSolution
		{7C4EB643-EB31-42CD-BBA0-FC2BF5FA5F89}.Debug|Any CPU.ActiveCfg = Debug|Any CPU
		{7C4EB643-EB31-42CD-BBA0-FC2BF5FA5F89}.Debug|Any CPU.Build.0 = Debug|Any CPU
		{7C4EB643-EB31-42CD-BBA0-FC2BF5FA5F89}.Debug|x86.ActiveCfg = Debug|x86
		{7C4EB643-EB31-42CD-BBA0-FC2BF5FA5F89}.Debug|x86.Build.0 = Debug|x86
		{7C4EB643-EB31-42CD-BBA0-FC2BF5FA5F89}.Release|Any CPU.ActiveCfg = Release|Any CPU
		{7C4EB643-EB31-42CD-BBA0-FC2BF5FA5F89}.Release|Any CPU.Build.0 = Release|Any CPU
		{7C4EB643-EB31-42CD-BBA0-FC2BF5FA5F89}.Release|x86.ActiveCfg = Release|x86
		{7C4EB643-EB31-42CD-BBA0-FC2BF5FA5F89}.Release|x86.Build.0 = Release|x86
		{7C4EB643-EB31-42CD-BBA0-FC2BF5FA5F89}.x86|Any CPU.ActiveCfg = x86|Any CPU
		{7C4EB643-EB31-42CD-BBA0-FC2BF5FA5F89}.x86|Any CPU.Build.0 = x86|Any CPU
		{7C4EB643-EB31-42CD-BBA0-FC2BF5FA5F89}.x86|x86.ActiveCfg = Debug|x86
		{7C4EB643-EB31-42CD-BBA0-FC2BF5FA5F89}.x86|x86.Build.0 = Debug|x86
		{A5693272-2BEE-439A-9120-648FF797ABF9}.Debug|Any CPU.ActiveCfg = Debug|Any CPU
		{A5693272-2BEE-439A-9120-648FF797ABF9}.Debug|Any CPU.Build.0 = Debug|Any CPU
		{A5693272-2BEE-439A-9120-648FF797ABF9}.Debug|x86.ActiveCfg = Debug|Any CPU
		{A5693272-2BEE-439A-9120-648FF797ABF9}.Debug|x86.Build.0 = Debug|Any CPU
		{A5693272-2BEE-439A-9120-648FF797ABF9}.Release|Any CPU.ActiveCfg = Release|Any CPU
		{A5693272-2BEE-439A-9120-648FF797ABF9}.Release|Any CPU.Build.0 = Release|Any CPU
		{A5693272-2BEE-439A-9120-648FF797ABF9}.Release|x86.ActiveCfg = Release|Any CPU
		{A5693272-2BEE-439A-9120-648FF797ABF9}.Release|x86.Build.0 = Release|Any CPU
		{A5693272-2BEE-439A-9120-648FF797ABF9}.x86|Any CPU.ActiveCfg = x86|Any CPU
		{A5693272-2BEE-439A-9120-648FF797ABF9}.x86|Any CPU.Build.0 = x86|Any CPU
		{A5693272-2BEE-439A-9120-648FF797ABF9}.x86|x86.ActiveCfg = Debug|Any CPU
		{A5693272-2BEE-439A-9120-648FF797ABF9}.x86|x86.Build.0 = Debug|Any CPU
		{9ECCC433-3134-4272-B277-62794CAAA6D6}.Debug|Any CPU.ActiveCfg = Debug|Any CPU
		{9ECCC433-3134-4272-B277-62794CAAA6D6}.Debug|Any CPU.Build.0 = Debug|Any CPU
		{9ECCC433-3134-4272-B277-62794CAAA6D6}.Debug|x86.ActiveCfg = Debug|Any CPU
		{9ECCC433-3134-4272-B277-62794CAAA6D6}.Debug|x86.Build.0 = Debug|Any CPU
		{9ECCC433-3134-4272-B277-62794CAAA6D6}.Release|Any CPU.ActiveCfg = Release|Any CPU
		{9ECCC433-3134-4272-B277-62794CAAA6D6}.Release|Any CPU.Build.0 = Release|Any CPU
		{9ECCC433-3134-4272-B277-62794CAAA6D6}.Release|x86.ActiveCfg = Release|Any CPU
		{9ECCC433-3134-4272-B277-62794CAAA6D6}.Release|x86.Build.0 = Release|Any CPU
		{9ECCC433-3134-4272-B277-62794CAAA6D6}.x86|Any CPU.ActiveCfg = Release|Any CPU
		{9ECCC433-3134-4272-B277-62794CAAA6D6}.x86|Any CPU.Build.0 = Release|Any CPU
		{9ECCC433-3134-4272-B277-62794CAAA6D6}.x86|x86.ActiveCfg = Release|Any CPU
		{9ECCC433-3134-4272-B277-62794CAAA6D6}.x86|x86.Build.0 = Release|Any CPU
		{66441ABA-22EC-4C35-986E-A714DA482403}.Debug|Any CPU.ActiveCfg = Debug|Any CPU
		{66441ABA-22EC-4C35-986E-A714DA482403}.Debug|Any CPU.Build.0 = Debug|Any CPU
		{66441ABA-22EC-4C35-986E-A714DA482403}.Debug|x86.ActiveCfg = Debug|Any CPU
		{66441ABA-22EC-4C35-986E-A714DA482403}.Debug|x86.Build.0 = Debug|Any CPU
		{66441ABA-22EC-4C35-986E-A714DA482403}.Release|Any CPU.ActiveCfg = Release|Any CPU
		{66441ABA-22EC-4C35-986E-A714DA482403}.Release|Any CPU.Build.0 = Release|Any CPU
		{66441ABA-22EC-4C35-986E-A714DA482403}.Release|x86.ActiveCfg = Release|Any CPU
		{66441ABA-22EC-4C35-986E-A714DA482403}.Release|x86.Build.0 = Release|Any CPU
		{66441ABA-22EC-4C35-986E-A714DA482403}.x86|Any CPU.ActiveCfg = Release|Any CPU
		{66441ABA-22EC-4C35-986E-A714DA482403}.x86|Any CPU.Build.0 = Release|Any CPU
		{66441ABA-22EC-4C35-986E-A714DA482403}.x86|x86.ActiveCfg = Release|Any CPU
		{66441ABA-22EC-4C35-986E-A714DA482403}.x86|x86.Build.0 = Release|Any CPU
		{77E9BFD9-EDE3-4328-92C9-3F274D566524}.Debug|Any CPU.ActiveCfg = Debug|Any CPU
		{77E9BFD9-EDE3-4328-92C9-3F274D566524}.Debug|Any CPU.Build.0 = Debug|Any CPU
		{77E9BFD9-EDE3-4328-92C9-3F274D566524}.Debug|x86.ActiveCfg = Debug|Any CPU
		{77E9BFD9-EDE3-4328-92C9-3F274D566524}.Debug|x86.Build.0 = Debug|Any CPU
		{77E9BFD9-EDE3-4328-92C9-3F274D566524}.Release|Any CPU.ActiveCfg = Release|Any CPU
		{77E9BFD9-EDE3-4328-92C9-3F274D566524}.Release|Any CPU.Build.0 = Release|Any CPU
		{77E9BFD9-EDE3-4328-92C9-3F274D566524}.Release|x86.ActiveCfg = Release|Any CPU
		{77E9BFD9-EDE3-4328-92C9-3F274D566524}.Release|x86.Build.0 = Release|Any CPU
		{77E9BFD9-EDE3-4328-92C9-3F274D566524}.x86|Any CPU.ActiveCfg = Release|Any CPU
		{77E9BFD9-EDE3-4328-92C9-3F274D566524}.x86|Any CPU.Build.0 = Release|Any CPU
		{77E9BFD9-EDE3-4328-92C9-3F274D566524}.x86|x86.ActiveCfg = Release|Any CPU
		{77E9BFD9-EDE3-4328-92C9-3F274D566524}.x86|x86.Build.0 = Release|Any CPU
		{C7CF1474-54CE-4F20-BB5D-F55768BB6693}.Debug|Any CPU.ActiveCfg = Debug|Any CPU
		{C7CF1474-54CE-4F20-BB5D-F55768BB6693}.Debug|Any CPU.Build.0 = Debug|Any CPU
		{C7CF1474-54CE-4F20-BB5D-F55768BB6693}.Debug|x86.ActiveCfg = Debug|Any CPU
		{C7CF1474-54CE-4F20-BB5D-F55768BB6693}.Debug|x86.Build.0 = Debug|Any CPU
		{C7CF1474-54CE-4F20-BB5D-F55768BB6693}.Release|Any CPU.ActiveCfg = Release|Any CPU
		{C7CF1474-54CE-4F20-BB5D-F55768BB6693}.Release|Any CPU.Build.0 = Release|Any CPU
		{C7CF1474-54CE-4F20-BB5D-F55768BB6693}.Release|x86.ActiveCfg = Release|Any CPU
		{C7CF1474-54CE-4F20-BB5D-F55768BB6693}.Release|x86.Build.0 = Release|Any CPU
		{C7CF1474-54CE-4F20-BB5D-F55768BB6693}.x86|Any CPU.ActiveCfg = Release|Any CPU
		{C7CF1474-54CE-4F20-BB5D-F55768BB6693}.x86|Any CPU.Build.0 = Release|Any CPU
		{C7CF1474-54CE-4F20-BB5D-F55768BB6693}.x86|x86.ActiveCfg = Release|Any CPU
		{C7CF1474-54CE-4F20-BB5D-F55768BB6693}.x86|x86.Build.0 = Release|Any CPU
		{240D865F-55DD-4AB4-A81E-47507F9C2516}.Debug|Any CPU.ActiveCfg = Debug|Any CPU
		{240D865F-55DD-4AB4-A81E-47507F9C2516}.Debug|Any CPU.Build.0 = Debug|Any CPU
		{240D865F-55DD-4AB4-A81E-47507F9C2516}.Debug|x86.ActiveCfg = Debug|Any CPU
		{240D865F-55DD-4AB4-A81E-47507F9C2516}.Debug|x86.Build.0 = Debug|Any CPU
		{240D865F-55DD-4AB4-A81E-47507F9C2516}.Release|Any CPU.ActiveCfg = Release|Any CPU
		{240D865F-55DD-4AB4-A81E-47507F9C2516}.Release|Any CPU.Build.0 = Release|Any CPU
		{240D865F-55DD-4AB4-A81E-47507F9C2516}.Release|x86.ActiveCfg = Release|Any CPU
		{240D865F-55DD-4AB4-A81E-47507F9C2516}.Release|x86.Build.0 = Release|Any CPU
		{240D865F-55DD-4AB4-A81E-47507F9C2516}.x86|Any CPU.ActiveCfg = Release|Any CPU
		{240D865F-55DD-4AB4-A81E-47507F9C2516}.x86|Any CPU.Build.0 = Release|Any CPU
		{240D865F-55DD-4AB4-A81E-47507F9C2516}.x86|x86.ActiveCfg = Release|Any CPU
		{240D865F-55DD-4AB4-A81E-47507F9C2516}.x86|x86.Build.0 = Release|Any CPU
		{ACE2204C-7137-41DD-B320-5DDA6EE32A97}.Debug|Any CPU.ActiveCfg = Debug|Any CPU
		{ACE2204C-7137-41DD-B320-5DDA6EE32A97}.Debug|Any CPU.Build.0 = Debug|Any CPU
		{ACE2204C-7137-41DD-B320-5DDA6EE32A97}.Debug|x86.ActiveCfg = Debug|Any CPU
		{ACE2204C-7137-41DD-B320-5DDA6EE32A97}.Debug|x86.Build.0 = Debug|Any CPU
		{ACE2204C-7137-41DD-B320-5DDA6EE32A97}.Release|Any CPU.ActiveCfg = Release|Any CPU
		{ACE2204C-7137-41DD-B320-5DDA6EE32A97}.Release|Any CPU.Build.0 = Release|Any CPU
		{ACE2204C-7137-41DD-B320-5DDA6EE32A97}.Release|x86.ActiveCfg = Release|Any CPU
		{ACE2204C-7137-41DD-B320-5DDA6EE32A97}.Release|x86.Build.0 = Release|Any CPU
		{ACE2204C-7137-41DD-B320-5DDA6EE32A97}.x86|Any CPU.ActiveCfg = Release|Any CPU
		{ACE2204C-7137-41DD-B320-5DDA6EE32A97}.x86|Any CPU.Build.0 = Release|Any CPU
		{ACE2204C-7137-41DD-B320-5DDA6EE32A97}.x86|x86.ActiveCfg = Release|Any CPU
		{ACE2204C-7137-41DD-B320-5DDA6EE32A97}.x86|x86.Build.0 = Release|Any CPU
		{E68EE400-FCED-4475-B0EA-93D81F2342C5}.Debug|Any CPU.ActiveCfg = Debug|Any CPU
		{E68EE400-FCED-4475-B0EA-93D81F2342C5}.Debug|Any CPU.Build.0 = Debug|Any CPU
		{E68EE400-FCED-4475-B0EA-93D81F2342C5}.Debug|x86.ActiveCfg = Debug|Any CPU
		{E68EE400-FCED-4475-B0EA-93D81F2342C5}.Debug|x86.Build.0 = Debug|Any CPU
		{E68EE400-FCED-4475-B0EA-93D81F2342C5}.Release|Any CPU.ActiveCfg = Release|Any CPU
		{E68EE400-FCED-4475-B0EA-93D81F2342C5}.Release|Any CPU.Build.0 = Release|Any CPU
		{E68EE400-FCED-4475-B0EA-93D81F2342C5}.Release|x86.ActiveCfg = Release|Any CPU
		{E68EE400-FCED-4475-B0EA-93D81F2342C5}.Release|x86.Build.0 = Release|Any CPU
		{E68EE400-FCED-4475-B0EA-93D81F2342C5}.x86|Any CPU.ActiveCfg = Release|Any CPU
		{E68EE400-FCED-4475-B0EA-93D81F2342C5}.x86|Any CPU.Build.0 = Release|Any CPU
		{E68EE400-FCED-4475-B0EA-93D81F2342C5}.x86|x86.ActiveCfg = Release|Any CPU
		{E68EE400-FCED-4475-B0EA-93D81F2342C5}.x86|x86.Build.0 = Release|Any CPU
	EndGlobalSection
	GlobalSection(SolutionProperties) = preSolution
		HideSolutionNode = FALSE
	EndGlobalSection
EndGlobal
